
Microsoft Visual Studio Solution File, Format Version 12.00
# Visual Studio Version 17
VisualStudioVersion = 17.3.32901.215
MinimumVisualStudioVersion = 10.0.40219.1
Project("{FAE04EC0-301F-11D3-BF4B-00C04F79EFBC}") = "RayTracerChallenge", "RayTracerChallenge\RayTracerChallenge.csproj", "{5580404E-0F56-4D2D-A47F-A8EFB3020000}"
EndProject
Project("{FAE04EC0-301F-11D3-BF4B-00C04F79EFBC}") = "Tests", "Tests\Tests.csproj", "{204BBB67-3893-4954-8522-B594817AF40F}"
EndProject
Global
	GlobalSection(SolutionConfigurationPlatforms) = preSolution
		Debug|Any CPU = Debug|Any CPU
		Release|Any CPU = Release|Any CPU
	EndGlobalSection
	GlobalSection(ProjectConfigurationPlatforms) = postSolution
		{5580404E-0F56-4D2D-A47F-A8EFB3020000}.Debug|Any CPU.ActiveCfg = Debug|Any CPU
		{5580404E-0F56-4D2D-A47F-A8EFB3020000}.Debug|Any CPU.Build.0 = Debug|Any CPU
		{5580404E-0F56-4D2D-A47F-A8EFB3020000}.Release|Any CPU.ActiveCfg = Release|Any CPU
		{5580404E-0F56-4D2D-A47F-A8EFB3020000}.Release|Any CPU.Build.0 = Release|Any CPU
		{204BBB67-3893-4954-8522-B594817AF40F}.Debug|Any CPU.ActiveCfg = Debug|Any CPU
		{204BBB67-3893-4954-8522-B594817AF40F}.Debug|Any CPU.Build.0 = Debug|Any CPU
		{204BBB67-3893-4954-8522-B594817AF40F}.Release|Any CPU.ActiveCfg = Release|Any CPU
		{204BBB67-3893-4954-8522-B594817AF40F}.Release|Any CPU.Build.0 = Release|Any CPU
	EndGlobalSection
	GlobalSection(SolutionProperties) = preSolution
		HideSolutionNode = FALSE
	EndGlobalSection
	GlobalSection(ExtensibilityGlobals) = postSolution
		SolutionGuid = {07FFEE95-CD51-44EC-B4D1-412611CFED52}
	EndGlobalSection
EndGlobal
